
Microsoft Visual Studio Solution File, Format Version 12.00
# Visual Studio Version 16
VisualStudioVersion = 16.0.30406.217
MinimumVisualStudioVersion = 10.0.40219.1
Project("{9A19103F-16F7-4668-BE54-9A1E7A4F7556}") = "CarCatalogLibrary", "CarCatalogLibrary\CarCatalogLibrary.csproj", "{3541EB92-428F-432F-9F72-C7E6A85EB31B}"
EndProject
Project("{9A19103F-16F7-4668-BE54-9A1E7A4F7556}") = "CarDBLibrary", "CarDBLibrary\CarDBLibrary.csproj", "{750813DA-812F-4FC7-B901-9AF9752684F5}"
EndProject
Project("{9A19103F-16F7-4668-BE54-9A1E7A4F7556}") = "CarLoaderLibrary", "CarLoaderLibrary\CarLoaderLibrary.csproj", "{923F72F4-A74A-4DCD-AA56-7DC8AAB2E670}"
EndProject
Project("{2150E333-8FDC-42A3-9474-1A3956D46DE8}") = "Solution Items", "Solution Items", "{4791B475-D99F-4446-946E-D35F1BE8700E}"
	ProjectSection(SolutionItems) = preProject
		README.md = README.md
	EndProjectSection
EndProject
Global
	GlobalSection(SolutionConfigurationPlatforms) = preSolution
		Debug|Any CPU = Debug|Any CPU
		Release|Any CPU = Release|Any CPU
	EndGlobalSection
	GlobalSection(ProjectConfigurationPlatforms) = postSolution
		{3541EB92-428F-432F-9F72-C7E6A85EB31B}.Debug|Any CPU.ActiveCfg = Debug|Any CPU
		{3541EB92-428F-432F-9F72-C7E6A85EB31B}.Debug|Any CPU.Build.0 = Debug|Any CPU
		{3541EB92-428F-432F-9F72-C7E6A85EB31B}.Release|Any CPU.ActiveCfg = Release|Any CPU
		{3541EB92-428F-432F-9F72-C7E6A85EB31B}.Release|Any CPU.Build.0 = Release|Any CPU
		{750813DA-812F-4FC7-B901-9AF9752684F5}.Debug|Any CPU.ActiveCfg = Debug|Any CPU
		{750813DA-812F-4FC7-B901-9AF9752684F5}.Debug|Any CPU.Build.0 = Debug|Any CPU
		{750813DA-812F-4FC7-B901-9AF9752684F5}.Release|Any CPU.ActiveCfg = Release|Any CPU
		{750813DA-812F-4FC7-B901-9AF9752684F5}.Release|Any CPU.Build.0 = Release|Any CPU
		{923F72F4-A74A-4DCD-AA56-7DC8AAB2E670}.Debug|Any CPU.ActiveCfg = Debug|Any CPU
		{923F72F4-A74A-4DCD-AA56-7DC8AAB2E670}.Debug|Any CPU.Build.0 = Debug|Any CPU
		{923F72F4-A74A-4DCD-AA56-7DC8AAB2E670}.Release|Any CPU.ActiveCfg = Release|Any CPU
		{923F72F4-A74A-4DCD-AA56-7DC8AAB2E670}.Release|Any CPU.Build.0 = Release|Any CPU
	EndGlobalSection
	GlobalSection(SolutionProperties) = preSolution
		HideSolutionNode = FALSE
	EndGlobalSection
	GlobalSection(ExtensibilityGlobals) = postSolution
		SolutionGuid = {BE5A669A-7EED-4808-B907-74C4DF7AE86C}
	EndGlobalSection
EndGlobal
